
Microsoft Visual Studio Solution File, Format Version 12.00
# Visual Studio 15
VisualStudioVersion = 15.0.28307.421
MinimumVisualStudioVersion = 10.0.40219.1
Project("{FAE04EC0-301F-11D3-BF4B-00C04F79EFBC}") = "Cosmos_CRUD", "Cosmos_CRUD\Cosmos_CRUD.csproj", "{C0BF90AB-5649-47B4-B559-C50210D1AFEC}"
EndProject
Global
	GlobalSection(SolutionConfigurationPlatforms) = preSolution
		Debug|Any CPU = Debug|Any CPU
		Release|Any CPU = Release|Any CPU
	EndGlobalSection
	GlobalSection(ProjectConfigurationPlatforms) = postSolution
		{C0BF90AB-5649-47B4-B559-C50210D1AFEC}.Debug|Any CPU.ActiveCfg = Debug|Any CPU
		{C0BF90AB-5649-47B4-B559-C50210D1AFEC}.Debug|Any CPU.Build.0 = Debug|Any CPU
		{C0BF90AB-5649-47B4-B559-C50210D1AFEC}.Release|Any CPU.ActiveCfg = Release|Any CPU
		{C0BF90AB-5649-47B4-B559-C50210D1AFEC}.Release|Any CPU.Build.0 = Release|Any CPU
	EndGlobalSection
	GlobalSection(SolutionProperties) = preSolution
		HideSolutionNode = FALSE
	EndGlobalSection
	GlobalSection(ExtensibilityGlobals) = postSolution
		SolutionGuid = {0E26AAD1-E775-4BC9-BE46-10538C96EAEE}
	EndGlobalSection
EndGlobal
